// !$*UTF8*$!
{
	archiveVersion = 1;
	classes = {
	};
	objectVersion = 55;
	objects = {

/* Begin PBXBuildFile section */
		9C8B318429E118E000834C26 /* AppDelegate.swift in Sources */ = {isa = PBXBuildFile; fileRef = 9C8B318329E118E000834C26 /* AppDelegate.swift */; };
		9C8B318629E118E000834C26 /* SceneDelegate.swift in Sources */ = {isa = PBXBuildFile; fileRef = 9C8B318529E118E000834C26 /* SceneDelegate.swift */; };
		9C8B318829E118E000834C26 /* ViewController.swift in Sources */ = {isa = PBXBuildFile; fileRef = 9C8B318729E118E000834C26 /* ViewController.swift */; };
		9C8B318B29E118E000834C26 /* Main.storyboard in Resources */ = {isa = PBXBuildFile; fileRef = 9C8B318929E118E000834C26 /* Main.storyboard */; };
		9C8B318D29E118E600834C26 /* Assets.xcassets in Resources */ = {isa = PBXBuildFile; fileRef = 9C8B318C29E118E600834C26 /* Assets.xcassets */; };
		9C8B319029E118E600834C26 /* LaunchScreen.storyboard in Resources */ = {isa = PBXBuildFile; fileRef = 9C8B318E29E118E600834C26 /* LaunchScreen.storyboard */; };
		9C8B319D29E11A6C00834C26 /* WeatherService.swift in Sources */ = {isa = PBXBuildFile; fileRef = 9C8B319C29E11A6C00834C26 /* WeatherService.swift */; };
		9C8B31A129E11D6D00834C26 /* Weather.swift in Sources */ = {isa = PBXBuildFile; fileRef = 9C8B31A029E11D6D00834C26 /* Weather.swift */; };
		9C8B31A429E1201500834C26 /* Constants.swift in Sources */ = {isa = PBXBuildFile; fileRef = 9C8B31A329E1201500834C26 /* Constants.swift */; };
		9C8B31A629E1255C00834C26 /* WeatherViewModel.swift in Sources */ = {isa = PBXBuildFile; fileRef = 9C8B31A529E1255C00834C26 /* WeatherViewModel.swift */; };
		9C8B31AA29E12F2B00834C26 /* City.swift in Sources */ = {isa = PBXBuildFile; fileRef = 9C8B31A929E12F2B00834C26 /* City.swift */; };
		9C8B31AE29E1551D00834C26 /* BaseService.swift in Sources */ = {isa = PBXBuildFile; fileRef = 9C8B31AD29E1551D00834C26 /* BaseService.swift */; };
/* End PBXBuildFile section */

/* Begin PBXFileReference section */
		9C8B318029E118E000834C26 /* WeatherApp.app */ = {isa = PBXFileReference; explicitFileType = wrapper.application; includeInIndex = 0; path = WeatherApp.app; sourceTree = BUILT_PRODUCTS_DIR; };
		9C8B318329E118E000834C26 /* AppDelegate.swift */ = {isa = PBXFileReference; lastKnownFileType = sourcecode.swift; path = AppDelegate.swift; sourceTree = "<group>"; };
		9C8B318529E118E000834C26 /* SceneDelegate.swift */ = {isa = PBXFileReference; lastKnownFileType = sourcecode.swift; path = SceneDelegate.swift; sourceTree = "<group>"; };
		9C8B318729E118E000834C26 /* ViewController.swift */ = {isa = PBXFileReference; lastKnownFileType = sourcecode.swift; path = ViewController.swift; sourceTree = "<group>"; };
		9C8B318A29E118E000834C26 /* Base */ = {isa = PBXFileReference; lastKnownFileType = file.storyboard; name = Base; path = Base.lproj/Main.storyboard; sourceTree = "<group>"; };
		9C8B318C29E118E600834C26 /* Assets.xcassets */ = {isa = PBXFileReference; lastKnownFileType = folder.assetcatalog; path = Assets.xcassets; sourceTree = "<group>"; };
		9C8B318F29E118E600834C26 /* Base */ = {isa = PBXFileReference; lastKnownFileType = file.storyboard; name = Base; path = Base.lproj/LaunchScreen.storyboard; sourceTree = "<group>"; };
		9C8B319129E118E600834C26 /* Info.plist */ = {isa = PBXFileReference; lastKnownFileType = text.plist.xml; path = Info.plist; sourceTree = "<group>"; };
		9C8B319C29E11A6C00834C26 /* WeatherService.swift */ = {isa = PBXFileReference; lastKnownFileType = sourcecode.swift; path = WeatherService.swift; sourceTree = "<group>"; };
		9C8B31A029E11D6D00834C26 /* Weather.swift */ = {isa = PBXFileReference; lastKnownFileType = sourcecode.swift; path = Weather.swift; sourceTree = "<group>"; };
		9C8B31A329E1201500834C26 /* Constants.swift */ = {isa = PBXFileReference; lastKnownFileType = sourcecode.swift; path = Constants.swift; sourceTree = "<group>"; };
		9C8B31A529E1255C00834C26 /* WeatherViewModel.swift */ = {isa = PBXFileReference; lastKnownFileType = sourcecode.swift; path = WeatherViewModel.swift; sourceTree = "<group>"; };
		9C8B31A929E12F2B00834C26 /* City.swift */ = {isa = PBXFileReference; lastKnownFileType = sourcecode.swift; path = City.swift; sourceTree = "<group>"; };
		9C8B31AD29E1551D00834C26 /* BaseService.swift */ = {isa = PBXFileReference; lastKnownFileType = sourcecode.swift; path = BaseService.swift; sourceTree = "<group>"; };
/* End PBXFileReference section */

/* Begin PBXFrameworksBuildPhase section */
		9C8B317D29E118E000834C26 /* Frameworks */ = {
			isa = PBXFrameworksBuildPhase;
			buildActionMask = 2147483647;
			files = (
			);
			runOnlyForDeploymentPostprocessing = 0;
		};
/* End PBXFrameworksBuildPhase section */

/* Begin PBXGroup section */
		9C8B317729E118E000834C26 = {
			isa = PBXGroup;
			children = (
				9C8B318229E118E000834C26 /* WeatherApp */,
				9C8B318129E118E000834C26 /* Products */,
			);
			sourceTree = "<group>";
		};
		9C8B318129E118E000834C26 /* Products */ = {
			isa = PBXGroup;
			children = (
				9C8B318029E118E000834C26 /* WeatherApp.app */,
			);
			name = Products;
			sourceTree = "<group>";
		};
		9C8B318229E118E000834C26 /* WeatherApp */ = {
			isa = PBXGroup;
			children = (
				9C8B31A229E11FFC00834C26 /* Utilities */,
				9C8B319A29E11A4900834C26 /* Service */,
				9C8B319929E11A4200834C26 /* Models */,
				9C8B319829E11A3A00834C26 /* ViewModels */,
				9C8B318329E118E000834C26 /* AppDelegate.swift */,
				9C8B318529E118E000834C26 /* SceneDelegate.swift */,
				9C8B319729E11A2E00834C26 /* Controllers */,
				9C8B318929E118E000834C26 /* Main.storyboard */,
				9C8B318C29E118E600834C26 /* Assets.xcassets */,
				9C8B318E29E118E600834C26 /* LaunchScreen.storyboard */,
				9C8B319129E118E600834C26 /* Info.plist */,
			);
			path = WeatherApp;
			sourceTree = "<group>";
		};
		9C8B319729E11A2E00834C26 /* Controllers */ = {
			isa = PBXGroup;
			children = (
				9C8B318729E118E000834C26 /* ViewController.swift */,
			);
			path = Controllers;
			sourceTree = "<group>";
		};
		9C8B319829E11A3A00834C26 /* ViewModels */ = {
			isa = PBXGroup;
			children = (
				9C8B31A529E1255C00834C26 /* WeatherViewModel.swift */,
			);
			path = ViewModels;
			sourceTree = "<group>";
		};
		9C8B319929E11A4200834C26 /* Models */ = {
			isa = PBXGroup;
			children = (
				9C8B31A029E11D6D00834C26 /* Weather.swift */,
				9C8B31A929E12F2B00834C26 /* City.swift */,
			);
			path = Models;
			sourceTree = "<group>";
		};
		9C8B319A29E11A4900834C26 /* Service */ = {
			isa = PBXGroup;
			children = (
				9C8B31AD29E1551D00834C26 /* BaseService.swift */,
				9C8B319C29E11A6C00834C26 /* WeatherService.swift */,
			);
			path = Service;
			sourceTree = "<group>";
		};
		9C8B31A229E11FFC00834C26 /* Utilities */ = {
			isa = PBXGroup;
			children = (
				9C8B31A329E1201500834C26 /* Constants.swift */,
			);
			path = Utilities;
			sourceTree = "<group>";
		};
/* End PBXGroup section */

/* Begin PBXNativeTarget section */
		9C8B317F29E118E000834C26 /* WeatherApp */ = {
			isa = PBXNativeTarget;
			buildConfigurationList = 9C8B319429E118E600834C26 /* Build configuration list for PBXNativeTarget "WeatherApp" */;
			buildPhases = (
				9C8B317C29E118E000834C26 /* Sources */,
				9C8B317D29E118E000834C26 /* Frameworks */,
				9C8B317E29E118E000834C26 /* Resources */,
			);
			buildRules = (
			);
			dependencies = (
			);
			name = WeatherApp;
			productName = WeatherApp;
			productReference = 9C8B318029E118E000834C26 /* WeatherApp.app */;
			productType = "com.apple.product-type.application";
		};
/* End PBXNativeTarget section */

/* Begin PBXProject section */
		9C8B317829E118E000834C26 /* Project object */ = {
			isa = PBXProject;
			attributes = {
				BuildIndependentTargetsInParallel = 1;
				LastSwiftUpdateCheck = 1300;
				LastUpgradeCheck = 1300;
				TargetAttributes = {
					9C8B317F29E118E000834C26 = {
						CreatedOnToolsVersion = 13.0;
					};
				};
			};
			buildConfigurationList = 9C8B317B29E118E000834C26 /* Build configuration list for PBXProject "WeatherApp" */;
			compatibilityVersion = "Xcode 13.0";
			developmentRegion = en;
			hasScannedForEncodings = 0;
			knownRegions = (
				en,
				Base,
			);
			mainGroup = 9C8B317729E118E000834C26;
			productRefGroup = 9C8B318129E118E000834C26 /* Products */;
			projectDirPath = "";
			projectRoot = "";
			targets = (
				9C8B317F29E118E000834C26 /* WeatherApp */,
			);
		};
/* End PBXProject section */

/* Begin PBXResourcesBuildPhase section */
		9C8B317E29E118E000834C26 /* Resources */ = {
			isa = PBXResourcesBuildPhase;
			buildActionMask = 2147483647;
			files = (
				9C8B319029E118E600834C26 /* LaunchScreen.storyboard in Resources */,
				9C8B318D29E118E600834C26 /* Assets.xcassets in Resources */,
				9C8B318B29E118E000834C26 /* Main.storyboard in Resources */,
			);
			runOnlyForDeploymentPostprocessing = 0;
		};
/* End PBXResourcesBuildPhase section */

/* Begin PBXSourcesBuildPhase section */
		9C8B317C29E118E000834C26 /* Sources */ = {
			isa = PBXSourcesBuildPhase;
			buildActionMask = 2147483647;
			files = (
				9C8B319D29E11A6C00834C26 /* WeatherService.swift in Sources */,
				9C8B318829E118E000834C26 /* ViewController.swift in Sources */,
				9C8B318429E118E000834C26 /* AppDelegate.swift in Sources */,
				9C8B31A429E1201500834C26 /* Constants.swift in Sources */,
				9C8B31A629E1255C00834C26 /* WeatherViewModel.swift in Sources */,
				9C8B31A129E11D6D00834C26 /* Weather.swift in Sources */,
				9C8B31AA29E12F2B00834C26 /* City.swift in Sources */,
				9C8B318629E118E000834C26 /* SceneDelegate.swift in Sources */,
				9C8B31AE29E1551D00834C26 /* BaseService.swift in Sources */,
			);
			runOnlyForDeploymentPostprocessing = 0;
		};
/* End PBXSourcesBuildPhase section */

/* Begin PBXVariantGroup section */
		9C8B318929E118E000834C26 /* Main.storyboard */ = {
			isa = PBXVariantGroup;
			children = (
				9C8B318A29E118E000834C26 /* Base */,
			);
			name = Main.storyboard;
			sourceTree = "<group>";
		};
		9C8B318E29E118E600834C26 /* LaunchScreen.storyboard */ = {
			isa = PBXVariantGroup;
			children = (
				9C8B318F29E118E600834C26 /* Base */,
			);
			name = LaunchScreen.storyboard;
			sourceTree = "<group>";
		};
/* End PBXVariantGroup section */

/* Begin XCBuildConfiguration section */
		9C8B319229E118E600834C26 /* Debug */ = {
			isa = XCBuildConfiguration;
			buildSettings = {
				ALWAYS_SEARCH_USER_PATHS = NO;
				CLANG_ANALYZER_NONNULL = YES;
				CLANG_ANALYZER_NUMBER_OBJECT_CONVERSION = YES_AGGRESSIVE;
				CLANG_CXX_LANGUAGE_STANDARD = "gnu++17";
				CLANG_CXX_LIBRARY = "libc++";
				CLANG_ENABLE_MODULES = YES;
				CLANG_ENABLE_OBJC_ARC = YES;
				CLANG_ENABLE_OBJC_WEAK = YES;
				CLANG_WARN_BLOCK_CAPTURE_AUTORELEASING = YES;
				CLANG_WARN_BOOL_CONVERSION = YES;
				CLANG_WARN_COMMA = YES;
				CLANG_WARN_CONSTANT_CONVERSION = YES;
				CLANG_WARN_DEPRECATED_OBJC_IMPLEMENTATIONS = YES;
				CLANG_WARN_DIRECT_OBJC_ISA_USAGE = YES_ERROR;
				CLANG_WARN_DOCUMENTATION_COMMENTS = YES;
				CLANG_WARN_EMPTY_BODY = YES;
				CLANG_WARN_ENUM_CONVERSION = YES;
				CLANG_WARN_INFINITE_RECURSION = YES;
				CLANG_WARN_INT_CONVERSION = YES;
				CLANG_WARN_NON_LITERAL_NULL_CONVERSION = YES;
				CLANG_WARN_OBJC_IMPLICIT_RETAIN_SELF = YES;
				CLANG_WARN_OBJC_LITERAL_CONVERSION = YES;
				CLANG_WARN_OBJC_ROOT_CLASS = YES_ERROR;
				CLANG_WARN_QUOTED_INCLUDE_IN_FRAMEWORK_HEADER = YES;
				CLANG_WARN_RANGE_LOOP_ANALYSIS = YES;
				CLANG_WARN_STRICT_PROTOTYPES = YES;
				CLANG_WARN_SUSPICIOUS_MOVE = YES;
				CLANG_WARN_UNGUARDED_AVAILABILITY = YES_AGGRESSIVE;
				CLANG_WARN_UNREACHABLE_CODE = YES;
				CLANG_WARN__DUPLICATE_METHOD_MATCH = YES;
				COPY_PHASE_STRIP = NO;
				DEBUG_INFORMATION_FORMAT = dwarf;
				ENABLE_STRICT_OBJC_MSGSEND = YES;
				ENABLE_TESTABILITY = YES;
				GCC_C_LANGUAGE_STANDARD = gnu11;
				GCC_DYNAMIC_NO_PIC = NO;
				GCC_NO_COMMON_BLOCKS = YES;
				GCC_OPTIMIZATION_LEVEL = 0;
				GCC_PREPROCESSOR_DEFINITIONS = (
					"DEBUG=1",
					"$(inherited)",
				);
				GCC_WARN_64_TO_32_BIT_CONVERSION = YES;
				GCC_WARN_ABOUT_RETURN_TYPE = YES_ERROR;
				GCC_WARN_UNDECLARED_SELECTOR = YES;
				GCC_WARN_UNINITIALIZED_AUTOS = YES_AGGRESSIVE;
				GCC_WARN_UNUSED_FUNCTION = YES;
				GCC_WARN_UNUSED_VARIABLE = YES;
				IPHONEOS_DEPLOYMENT_TARGET = 15.0;
				MTL_ENABLE_DEBUG_INFO = INCLUDE_SOURCE;
				MTL_FAST_MATH = YES;
				ONLY_ACTIVE_ARCH = YES;
				SDKROOT = iphoneos;
				SWIFT_ACTIVE_COMPILATION_CONDITIONS = DEBUG;
				SWIFT_OPTIMIZATION_LEVEL = "-Onone";
			};
			name = Debug;
		};
		9C8B319329E118E600834C26 /* Release */ = {
			isa = XCBuildConfiguration;
			buildSettings = {
				ALWAYS_SEARCH_USER_PATHS = NO;
				CLANG_ANALYZER_NONNULL = YES;
				CLANG_ANALYZER_NUMBER_OBJECT_CONVERSION = YES_AGGRESSIVE;
				CLANG_CXX_LANGUAGE_STANDARD = "gnu++17";
				CLANG_CXX_LIBRARY = "libc++";
				CLANG_ENABLE_MODULES = YES;
				CLANG_ENABLE_OBJC_ARC = YES;
				CLANG_ENABLE_OBJC_WEAK = YES;
				CLANG_WARN_BLOCK_CAPTURE_AUTORELEASING = YES;
				CLANG_WARN_BOOL_CONVERSION = YES;
				CLANG_WARN_COMMA = YES;
				CLANG_WARN_CONSTANT_CONVERSION = YES;
				CLANG_WARN_DEPRECATED_OBJC_IMPLEMENTATIONS = YES;
				CLANG_WARN_DIRECT_OBJC_ISA_USAGE = YES_ERROR;
				CLANG_WARN_DOCUMENTATION_COMMENTS = YES;
				CLANG_WARN_EMPTY_BODY = YES;
				CLANG_WARN_ENUM_CONVERSION = YES;
				CLANG_WARN_INFINITE_RECURSION = YES;
				CLANG_WARN_INT_CONVERSION = YES;
				CLANG_WARN_NON_LITERAL_NULL_CONVERSION = YES;
				CLANG_WARN_OBJC_IMPLICIT_RETAIN_SELF = YES;
				CLANG_WARN_OBJC_LITERAL_CONVERSION = YES;
				CLANG_WARN_OBJC_ROOT_CLASS = YES_ERROR;
				CLANG_WARN_QUOTED_INCLUDE_IN_FRAMEWORK_HEADER = YES;
				CLANG_WARN_RANGE_LOOP_ANALYSIS = YES;
				CLANG_WARN_STRICT_PROTOTYPES = YES;
				CLANG_WARN_SUSPICIOUS_MOVE = YES;
				CLANG_WARN_UNGUARDED_AVAILABILITY = YES_AGGRESSIVE;
				CLANG_WARN_UNREACHABLE_CODE = YES;
				CLANG_WARN__DUPLICATE_METHOD_MATCH = YES;
				COPY_PHASE_STRIP = NO;
				DEBUG_INFORMATION_FORMAT = "dwarf-with-dsym";
				ENABLE_NS_ASSERTIONS = NO;
				ENABLE_STRICT_OBJC_MSGSEND = YES;
				GCC_C_LANGUAGE_STANDARD = gnu11;
				GCC_NO_COMMON_BLOCKS = YES;
				GCC_WARN_64_TO_32_BIT_CONVERSION = YES;
				GCC_WARN_ABOUT_RETURN_TYPE = YES_ERROR;
				GCC_WARN_UNDECLARED_SELECTOR = YES;
				GCC_WARN_UNINITIALIZED_AUTOS = YES_AGGRESSIVE;
				GCC_WARN_UNUSED_FUNCTION = YES;
				GCC_WARN_UNUSED_VARIABLE = YES;
				IPHONEOS_DEPLOYMENT_TARGET = 15.0;
				MTL_ENABLE_DEBUG_INFO = NO;
				MTL_FAST_MATH = YES;
				SDKROOT = iphoneos;
				SWIFT_COMPILATION_MODE = wholemodule;
				SWIFT_OPTIMIZATION_LEVEL = "-O";
				VALIDATE_PRODUCT = YES;
			};
			name = Release;
		};
		9C8B319529E118E600834C26 /* Debug */ = {
			isa = XCBuildConfiguration;
			buildSettings = {
				ASSETCATALOG_COMPILER_APPICON_NAME = AppIcon;
				ASSETCATALOG_COMPILER_GLOBAL_ACCENT_COLOR_NAME = AccentColor;
				CODE_SIGN_STYLE = Automatic;
				CURRENT_PROJECT_VERSION = 1;
				GENERATE_INFOPLIST_FILE = YES;
				INFOPLIST_FILE = WeatherApp/Info.plist;
				INFOPLIST_KEY_UIApplicationSupportsIndirectInputEvents = YES;
				INFOPLIST_KEY_UILaunchStoryboardName = LaunchScreen;
				INFOPLIST_KEY_UIMainStoryboardFile = Main;
				INFOPLIST_KEY_UISupportedInterfaceOrientations_iPad = "UIInterfaceOrientationPortrait UIInterfaceOrientationPortraitUpsideDown UIInterfaceOrientationLandscapeLeft UIInterfaceOrientationLandscapeRight";
				INFOPLIST_KEY_UISupportedInterfaceOrientations_iPhone = "UIInterfaceOrientationPortrait UIInterfaceOrientationLandscapeLeft UIInterfaceOrientationLandscapeRight";
				LD_RUNPATH_SEARCH_PATHS = (
					"$(inherited)",
					"@executable_path/Frameworks",
				);
				MARKETING_VERSION = 1.0;
				PRODUCT_BUNDLE_IDENTIFIER = com.satyaswaroop.WeatherApp;
				PRODUCT_NAME = "$(TARGET_NAME)";
				SWIFT_EMIT_LOC_STRINGS = YES;
				SWIFT_VERSION = 5.0;
				TARGETED_DEVICE_FAMILY = "1,2";
			};
			name = Debug;
		};
		9C8B319629E118E600834C26 /* Release */ = {
			isa = XCBuildConfiguration;
			buildSettings = {
				ASSETCATALOG_COMPILER_APPICON_NAME = AppIcon;
				ASSETCATALOG_COMPILER_GLOBAL_ACCENT_COLOR_NAME = AccentColor;
				CODE_SIGN_STYLE = Automatic;
				CURRENT_PROJECT_VERSION = 1;
				GENERATE_INFOPLIST_FILE = YES;
				INFOPLIST_FILE = WeatherApp/Info.plist;
				INFOPLIST_KEY_UIApplicationSupportsIndirectInputEvents = YES;
				INFOPLIST_KEY_UILaunchStoryboardName = LaunchScreen;
				INFOPLIST_KEY_UIMainStoryboardFile = Main;
				INFOPLIST_KEY_UISupportedInterfaceOrientations_iPad = "UIInterfaceOrientationPortrait UIInterfaceOrientationPortraitUpsideDown UIInterfaceOrientationLandscapeLeft UIInterfaceOrientationLandscapeRight";
				INFOPLIST_KEY_UISupportedInterfaceOrientations_iPhone = "UIInterfaceOrientationPortrait UIInterfaceOrientationLandscapeLeft UIInterfaceOrientationLandscapeRight";
				LD_RUNPATH_SEARCH_PATHS = (
					"$(inherited)",
					"@executable_path/Frameworks",
				);
				MARKETING_VERSION = 1.0;
				PRODUCT_BUNDLE_IDENTIFIER = com.satyaswaroop.WeatherApp;
				PRODUCT_NAME = "$(TARGET_NAME)";
				SWIFT_EMIT_LOC_STRINGS = YES;
				SWIFT_VERSION = 5.0;
				TARGETED_DEVICE_FAMILY = "1,2";
			};
			name = Release;
		};
/* End XCBuildConfiguration section */

/* Begin XCConfigurationList section */
		9C8B317B29E118E000834C26 /* Build configuration list for PBXProject "WeatherApp" */ = {
			isa = XCConfigurationList;
			buildConfigurations = (
				9C8B319229E118E600834C26 /* Debug */,
				9C8B319329E118E600834C26 /* Release */,
			);
			defaultConfigurationIsVisible = 0;
			defaultConfigurationName = Release;
		};
		9C8B319429E118E600834C26 /* Build configuration list for PBXNativeTarget "WeatherApp" */ = {
			isa = XCConfigurationList;
			buildConfigurations = (
				9C8B319529E118E600834C26 /* Debug */,
				9C8B319629E118E600834C26 /* Release */,
			);
			defaultConfigurationIsVisible = 0;
			defaultConfigurationName = Release;
		};
/* End XCConfigurationList section */
	};
	rootObject = 9C8B317829E118E000834C26 /* Project object */;
}
